// !$*UTF8*$!
{
	archiveVersion = 1;
	classes = {
	};
	objectVersion = 50;
	objects = {

/* Begin PBXBuildFile section */
		49281BEA23ED5CE4001A3B05 /* AppDelegate.swift in Sources */ = {isa = PBXBuildFile; fileRef = 49281BE923ED5CE4001A3B05 /* AppDelegate.swift */; };
		49281BEC23ED5CE4001A3B05 /* SceneDelegate.swift in Sources */ = {isa = PBXBuildFile; fileRef = 49281BEB23ED5CE4001A3B05 /* SceneDelegate.swift */; };
		49281BEE23ED5CE4001A3B05 /* ContentView.swift in Sources */ = {isa = PBXBuildFile; fileRef = 49281BED23ED5CE4001A3B05 /* ContentView.swift */; };
		49281BF023ED5CE5001A3B05 /* Assets.xcassets in Resources */ = {isa = PBXBuildFile; fileRef = 49281BEF23ED5CE5001A3B05 /* Assets.xcassets */; };
		49281BF323ED5CE5001A3B05 /* Preview Assets.xcassets in Resources */ = {isa = PBXBuildFile; fileRef = 49281BF223ED5CE5001A3B05 /* Preview Assets.xcassets */; };
		49281BF623ED5CE5001A3B05 /* LaunchScreen.storyboard in Resources */ = {isa = PBXBuildFile; fileRef = 49281BF423ED5CE5001A3B05 /* LaunchScreen.storyboard */; };
/* End PBXBuildFile section */

/* Begin PBXFileReference section */
		49281BE623ED5CE4001A3B05 /* WhoIsHere.app */ = {isa = PBXFileReference; explicitFileType = wrapper.application; includeInIndex = 0; path = WhoIsHere.app; sourceTree = BUILT_PRODUCTS_DIR; };
		49281BE923ED5CE4001A3B05 /* AppDelegate.swift */ = {isa = PBXFileReference; lastKnownFileType = sourcecode.swift; path = AppDelegate.swift; sourceTree = "<group>"; };
		49281BEB23ED5CE4001A3B05 /* SceneDelegate.swift */ = {isa = PBXFileReference; lastKnownFileType = sourcecode.swift; path = SceneDelegate.swift; sourceTree = "<group>"; };
		49281BED23ED5CE4001A3B05 /* ContentView.swift */ = {isa = PBXFileReference; lastKnownFileType = sourcecode.swift; path = ContentView.swift; sourceTree = "<group>"; };
		49281BEF23ED5CE5001A3B05 /* Assets.xcassets */ = {isa = PBXFileReference; lastKnownFileType = folder.assetcatalog; path = Assets.xcassets; sourceTree = "<group>"; };
		49281BF223ED5CE5001A3B05 /* Preview Assets.xcassets */ = {isa = PBXFileReference; lastKnownFileType = folder.assetcatalog; path = "Preview Assets.xcassets"; sourceTree = "<group>"; };
		49281BF523ED5CE5001A3B05 /* Base */ = {isa = PBXFileReference; lastKnownFileType = file.storyboard; name = Base; path = Base.lproj/LaunchScreen.storyboard; sourceTree = "<group>"; };
		49281BF723ED5CE5001A3B05 /* Info.plist */ = {isa = PBXFileReference; lastKnownFileType = text.plist.xml; path = Info.plist; sourceTree = "<group>"; };
/* End PBXFileReference section */

/* Begin PBXFrameworksBuildPhase section */
		49281BE323ED5CE4001A3B05 /* Frameworks */ = {
			isa = PBXFrameworksBuildPhase;
			buildActionMask = 2147483647;
			files = (
			);
			runOnlyForDeploymentPostprocessing = 0;
		};
/* End PBXFrameworksBuildPhase section */

/* Begin PBXGroup section */
		49281BDD23ED5CE4001A3B05 = {
			isa = PBXGroup;
			children = (
				49281BE823ED5CE4001A3B05 /* WhoIsHere */,
				49281BE723ED5CE4001A3B05 /* Products */,
			);
			sourceTree = "<group>";
		};
		49281BE723ED5CE4001A3B05 /* Products */ = {
			isa = PBXGroup;
			children = (
				49281BE623ED5CE4001A3B05 /* WhoIsHere.app */,
			);
			name = Products;
			sourceTree = "<group>";
		};
		49281BE823ED5CE4001A3B05 /* WhoIsHere */ = {
			isa = PBXGroup;
			children = (
				49281BE923ED5CE4001A3B05 /* AppDelegate.swift */,
				49281BEB23ED5CE4001A3B05 /* SceneDelegate.swift */,
				49281BED23ED5CE4001A3B05 /* ContentView.swift */,
				49281BEF23ED5CE5001A3B05 /* Assets.xcassets */,
				49281BF423ED5CE5001A3B05 /* LaunchScreen.storyboard */,
				49281BF723ED5CE5001A3B05 /* Info.plist */,
				49281BF123ED5CE5001A3B05 /* Preview Content */,
			);
			path = WhoIsHere;
			sourceTree = "<group>";
		};
		49281BF123ED5CE5001A3B05 /* Preview Content */ = {
			isa = PBXGroup;
			children = (
				49281BF223ED5CE5001A3B05 /* Preview Assets.xcassets */,
			);
			path = "Preview Content";
			sourceTree = "<group>";
		};
/* End PBXGroup section */

/* Begin PBXNativeTarget section */
		49281BE523ED5CE4001A3B05 /* WhoIsHere */ = {
			isa = PBXNativeTarget;
			buildConfigurationList = 49281BFA23ED5CE5001A3B05 /* Build configuration list for PBXNativeTarget "WhoIsHere" */;
			buildPhases = (
				49281BE223ED5CE4001A3B05 /* Sources */,
				49281BE323ED5CE4001A3B05 /* Frameworks */,
				49281BE423ED5CE4001A3B05 /* Resources */,
			);
			buildRules = (
			);
			dependencies = (
			);
			name = WhoIsHere;
			productName = WhoIsHere;
			productReference = 49281BE623ED5CE4001A3B05 /* WhoIsHere.app */;
			productType = "com.apple.product-type.application";
		};
/* End PBXNativeTarget section */

/* Begin PBXProject section */
		49281BDE23ED5CE4001A3B05 /* Project object */ = {
			isa = PBXProject;
			attributes = {
				LastSwiftUpdateCheck = 1130;
				LastUpgradeCheck = 1130;
				ORGANIZATIONNAME = Marc;
				TargetAttributes = {
					49281BE523ED5CE4001A3B05 = {
						CreatedOnToolsVersion = 11.3.1;
					};
				};
			};
			buildConfigurationList = 49281BE123ED5CE4001A3B05 /* Build configuration list for PBXProject "WhoIsHere" */;
			compatibilityVersion = "Xcode 9.3";
			developmentRegion = en;
			hasScannedForEncodings = 0;
			knownRegions = (
				en,
				Base,
			);
			mainGroup = 49281BDD23ED5CE4001A3B05;
			productRefGroup = 49281BE723ED5CE4001A3B05 /* Products */;
			projectDirPath = "";
			projectRoot = "";
			targets = (
				49281BE523ED5CE4001A3B05 /* WhoIsHere */,
			);
		};
/* End PBXProject section */

/* Begin PBXResourcesBuildPhase section */
		49281BE423ED5CE4001A3B05 /* Resources */ = {
			isa = PBXResourcesBuildPhase;
			buildActionMask = 2147483647;
			files = (
				49281BF623ED5CE5001A3B05 /* LaunchScreen.storyboard in Resources */,
				49281BF323ED5CE5001A3B05 /* Preview Assets.xcassets in Resources */,
				49281BF023ED5CE5001A3B05 /* Assets.xcassets in Resources */,
			);
			runOnlyForDeploymentPostprocessing = 0;
		};
/* End PBXResourcesBuildPhase section */

/* Begin PBXSourcesBuildPhase section */
		49281BE223ED5CE4001A3B05 /* Sources */ = {
			isa = PBXSourcesBuildPhase;
			buildActionMask = 2147483647;
			files = (
				49281BEA23ED5CE4001A3B05 /* AppDelegate.swift in Sources */,
				49281BEC23ED5CE4001A3B05 /* SceneDelegate.swift in Sources */,
				49281BEE23ED5CE4001A3B05 /* ContentView.swift in Sources */,
			);
			runOnlyForDeploymentPostprocessing = 0;
		};
/* End PBXSourcesBuildPhase section */

/* Begin PBXVariantGroup section */
		49281BF423ED5CE5001A3B05 /* LaunchScreen.storyboard */ = {
			isa = PBXVariantGroup;
			children = (
				49281BF523ED5CE5001A3B05 /* Base */,
			);
			name = LaunchScreen.storyboard;
			sourceTree = "<group>";
		};
/* End PBXVariantGroup section */

/* Begin XCBuildConfiguration section */
		49281BF823ED5CE5001A3B05 /* Debug */ = {
			isa = XCBuildConfiguration;
			buildSettings = {
				ALWAYS_SEARCH_USER_PATHS = NO;
				CLANG_ANALYZER_NONNULL = YES;
				CLANG_ANALYZER_NUMBER_OBJECT_CONVERSION = YES_AGGRESSIVE;
				CLANG_CXX_LANGUAGE_STANDARD = "gnu++14";
				CLANG_CXX_LIBRARY = "libc++";
				CLANG_ENABLE_MODULES = YES;
				CLANG_ENABLE_OBJC_ARC = YES;
				CLANG_ENABLE_OBJC_WEAK = YES;
				CLANG_WARN_BLOCK_CAPTURE_AUTORELEASING = YES;
				CLANG_WARN_BOOL_CONVERSION = YES;
				CLANG_WARN_COMMA = YES;
				CLANG_WARN_CONSTANT_CONVERSION = YES;
				CLANG_WARN_DEPRECATED_OBJC_IMPLEMENTATIONS = YES;
				CLANG_WARN_DIRECT_OBJC_ISA_USAGE = YES_ERROR;
				CLANG_WARN_DOCUMENTATION_COMMENTS = YES;
				CLANG_WARN_EMPTY_BODY = YES;
				CLANG_WARN_ENUM_CONVERSION = YES;
				CLANG_WARN_INFINITE_RECURSION = YES;
				CLANG_WARN_INT_CONVERSION = YES;
				CLANG_WARN_NON_LITERAL_NULL_CONVERSION = YES;
				CLANG_WARN_OBJC_IMPLICIT_RETAIN_SELF = YES;
				CLANG_WARN_OBJC_LITERAL_CONVERSION = YES;
				CLANG_WARN_OBJC_ROOT_CLASS = YES_ERROR;
				CLANG_WARN_RANGE_LOOP_ANALYSIS = YES;
				CLANG_WARN_STRICT_PROTOTYPES = YES;
				CLANG_WARN_SUSPICIOUS_MOVE = YES;
				CLANG_WARN_UNGUARDED_AVAILABILITY = YES_AGGRESSIVE;
				CLANG_WARN_UNREACHABLE_CODE = YES;
				CLANG_WARN__DUPLICATE_METHOD_MATCH = YES;
				COPY_PHASE_STRIP = NO;
				DEBUG_INFORMATION_FORMAT = dwarf;
				ENABLE_STRICT_OBJC_MSGSEND = YES;
				ENABLE_TESTABILITY = YES;
				GCC_C_LANGUAGE_STANDARD = gnu11;
				GCC_DYNAMIC_NO_PIC = NO;
				GCC_NO_COMMON_BLOCKS = YES;
				GCC_OPTIMIZATION_LEVEL = 0;
				GCC_PREPROCESSOR_DEFINITIONS = (
					"DEBUG=1",
					"$(inherited)",
				);
				GCC_WARN_64_TO_32_BIT_CONVERSION = YES;
				GCC_WARN_ABOUT_RETURN_TYPE = YES_ERROR;
				GCC_WARN_UNDECLARED_SELECTOR = YES;
				GCC_WARN_UNINITIALIZED_AUTOS = YES_AGGRESSIVE;
				GCC_WARN_UNUSED_FUNCTION = YES;
				GCC_WARN_UNUSED_VARIABLE = YES;
				IPHONEOS_DEPLOYMENT_TARGET = 13.2;
				MTL_ENABLE_DEBUG_INFO = INCLUDE_SOURCE;
				MTL_FAST_MATH = YES;
				ONLY_ACTIVE_ARCH = YES;
				SDKROOT = iphoneos;
				SWIFT_ACTIVE_COMPILATION_CONDITIONS = DEBUG;
				SWIFT_OPTIMIZATION_LEVEL = "-Onone";
			};
			name = Debug;
		};
		49281BF923ED5CE5001A3B05 /* Release */ = {
			isa = XCBuildConfiguration;
			buildSettings = {
				ALWAYS_SEARCH_USER_PATHS = NO;
				CLANG_ANALYZER_NONNULL = YES;
				CLANG_ANALYZER_NUMBER_OBJECT_CONVERSION = YES_AGGRESSIVE;
				CLANG_CXX_LANGUAGE_STANDARD = "gnu++14";
				CLANG_CXX_LIBRARY = "libc++";
				CLANG_ENABLE_MODULES = YES;
				CLANG_ENABLE_OBJC_ARC = YES;
				CLANG_ENABLE_OBJC_WEAK = YES;
				CLANG_WARN_BLOCK_CAPTURE_AUTORELEASING = YES;
				CLANG_WARN_BOOL_CONVERSION = YES;
				CLANG_WARN_COMMA = YES;
				CLANG_WARN_CONSTANT_CONVERSION = YES;
				CLANG_WARN_DEPRECATED_OBJC_IMPLEMENTATIONS = YES;
				CLANG_WARN_DIRECT_OBJC_ISA_USAGE = YES_ERROR;
				CLANG_WARN_DOCUMENTATION_COMMENTS = YES;
				CLANG_WARN_EMPTY_BODY = YES;
				CLANG_WARN_ENUM_CONVERSION = YES;
				CLANG_WARN_INFINITE_RECURSION = YES;
				CLANG_WARN_INT_CONVERSION = YES;
				CLANG_WARN_NON_LITERAL_NULL_CONVERSION = YES;
				CLANG_WARN_OBJC_IMPLICIT_RETAIN_SELF = YES;
				CLANG_WARN_OBJC_LITERAL_CONVERSION = YES;
				CLANG_WARN_OBJC_ROOT_CLASS = YES_ERROR;
				CLANG_WARN_RANGE_LOOP_ANALYSIS = YES;
				CLANG_WARN_STRICT_PROTOTYPES = YES;
				CLANG_WARN_SUSPICIOUS_MOVE = YES;
				CLANG_WARN_UNGUARDED_AVAILABILITY = YES_AGGRESSIVE;
				CLANG_WARN_UNREACHABLE_CODE = YES;
				CLANG_WARN__DUPLICATE_METHOD_MATCH = YES;
				COPY_PHASE_STRIP = NO;
				DEBUG_INFORMATION_FORMAT = "dwarf-with-dsym";
				ENABLE_NS_ASSERTIONS = NO;
				ENABLE_STRICT_OBJC_MSGSEND = YES;
				GCC_C_LANGUAGE_STANDARD = gnu11;
				GCC_NO_COMMON_BLOCKS = YES;
				GCC_WARN_64_TO_32_BIT_CONVERSION = YES;
				GCC_WARN_ABOUT_RETURN_TYPE = YES_ERROR;
				GCC_WARN_UNDECLARED_SELECTOR = YES;
				GCC_WARN_UNINITIALIZED_AUTOS = YES_AGGRESSIVE;
				GCC_WARN_UNUSED_FUNCTION = YES;
				GCC_WARN_UNUSED_VARIABLE = YES;
				IPHONEOS_DEPLOYMENT_TARGET = 13.2;
				MTL_ENABLE_DEBUG_INFO = NO;
				MTL_FAST_MATH = YES;
				SDKROOT = iphoneos;
				SWIFT_COMPILATION_MODE = wholemodule;
				SWIFT_OPTIMIZATION_LEVEL = "-O";
				VALIDATE_PRODUCT = YES;
			};
			name = Release;
		};
		49281BFB23ED5CE5001A3B05 /* Debug */ = {
			isa = XCBuildConfiguration;
			buildSettings = {
				ASSETCATALOG_COMPILER_APPICON_NAME = AppIcon;
				CODE_SIGN_STYLE = Automatic;
				DEVELOPMENT_ASSET_PATHS = "\"WhoIsHere/Preview Content\"";
				ENABLE_PREVIEWS = YES;
				INFOPLIST_FILE = WhoIsHere/Info.plist;
				LD_RUNPATH_SEARCH_PATHS = (
					"$(inherited)",
					"@executable_path/Frameworks",
				);
				PRODUCT_BUNDLE_IDENTIFIER = LPDW.WhoIsHere;
				PRODUCT_NAME = "$(TARGET_NAME)";
				SWIFT_VERSION = 5.0;
				TARGETED_DEVICE_FAMILY = "1,2";
			};
			name = Debug;
		};
		49281BFC23ED5CE5001A3B05 /* Release */ = {
			isa = XCBuildConfiguration;
			buildSettings = {
				ASSETCATALOG_COMPILER_APPICON_NAME = AppIcon;
				CODE_SIGN_STYLE = Automatic;
				DEVELOPMENT_ASSET_PATHS = "\"WhoIsHere/Preview Content\"";
				ENABLE_PREVIEWS = YES;
				INFOPLIST_FILE = WhoIsHere/Info.plist;
				LD_RUNPATH_SEARCH_PATHS = (
					"$(inherited)",
					"@executable_path/Frameworks",
				);
				PRODUCT_BUNDLE_IDENTIFIER = LPDW.WhoIsHere;
				PRODUCT_NAME = "$(TARGET_NAME)";
				SWIFT_VERSION = 5.0;
				TARGETED_DEVICE_FAMILY = "1,2";
			};
			name = Release;
		};
/* End XCBuildConfiguration section */

/* Begin XCConfigurationList section */
		49281BE123ED5CE4001A3B05 /* Build configuration list for PBXProject "WhoIsHere" */ = {
			isa = XCConfigurationList;
			buildConfigurations = (
				49281BF823ED5CE5001A3B05 /* Debug */,
				49281BF923ED5CE5001A3B05 /* Release */,
			);
			defaultConfigurationIsVisible = 0;
			defaultConfigurationName = Release;
		};
		49281BFA23ED5CE5001A3B05 /* Build configuration list for PBXNativeTarget "WhoIsHere" */ = {
			isa = XCConfigurationList;
			buildConfigurations = (
				49281BFB23ED5CE5001A3B05 /* Debug */,
				49281BFC23ED5CE5001A3B05 /* Release */,
			);
			defaultConfigurationIsVisible = 0;
			defaultConfigurationName = Release;
		};
/* End XCConfigurationList section */
	};
	rootObject = 49281BDE23ED5CE4001A3B05 /* Project object */;
}
